// !$*UTF8*$!
{
	archiveVersion = 1;
	classes = {
	};
	objectVersion = 46;
	objects = {

/* Begin PBXBuildFile section */
		57937B051C40CF0E0072DA5D /* AppDelegate.swift in Sources */ = {isa = PBXBuildFile; fileRef = 57937B041C40CF0E0072DA5D /* AppDelegate.swift */; };
		57937B071C40CF0E0072DA5D /* ViewController.swift in Sources */ = {isa = PBXBuildFile; fileRef = 57937B061C40CF0E0072DA5D /* ViewController.swift */; };
		57937B0A1C40CF0E0072DA5D /* Main.storyboard in Resources */ = {isa = PBXBuildFile; fileRef = 57937B081C40CF0E0072DA5D /* Main.storyboard */; };
		57937B0C1C40CF0E0072DA5D /* Assets.xcassets in Resources */ = {isa = PBXBuildFile; fileRef = 57937B0B1C40CF0E0072DA5D /* Assets.xcassets */; };
		57937B0F1C40CF0E0072DA5D /* LaunchScreen.storyboard in Resources */ = {isa = PBXBuildFile; fileRef = 57937B0D1C40CF0E0072DA5D /* LaunchScreen.storyboard */; };
		57937B1A1C40CF0E0072DA5D /* OSC_FelixTests.swift in Sources */ = {isa = PBXBuildFile; fileRef = 57937B191C40CF0E0072DA5D /* OSC_FelixTests.swift */; };
		57937B251C40CF0E0072DA5D /* OSC_FelixUITests.swift in Sources */ = {isa = PBXBuildFile; fileRef = 57937B241C40CF0E0072DA5D /* OSC_FelixUITests.swift */; };
/* End PBXBuildFile section */

/* Begin PBXContainerItemProxy section */
		57937B161C40CF0E0072DA5D /* PBXContainerItemProxy */ = {
			isa = PBXContainerItemProxy;
			containerPortal = 57937AF91C40CF0E0072DA5D /* Project object */;
			proxyType = 1;
			remoteGlobalIDString = 57937B001C40CF0E0072DA5D;
			remoteInfo = OSC_Felix;
		};
		57937B211C40CF0E0072DA5D /* PBXContainerItemProxy */ = {
			isa = PBXContainerItemProxy;
			containerPortal = 57937AF91C40CF0E0072DA5D /* Project object */;
			proxyType = 1;
			remoteGlobalIDString = 57937B001C40CF0E0072DA5D;
			remoteInfo = OSC_Felix;
		};
/* End PBXContainerItemProxy section */

/* Begin PBXFileReference section */
		57937B011C40CF0E0072DA5D /* OSC_Felix.app */ = {isa = PBXFileReference; explicitFileType = wrapper.application; includeInIndex = 0; path = OSC_Felix.app; sourceTree = BUILT_PRODUCTS_DIR; };
		57937B041C40CF0E0072DA5D /* AppDelegate.swift */ = {isa = PBXFileReference; lastKnownFileType = sourcecode.swift; path = AppDelegate.swift; sourceTree = "<group>"; };
		57937B061C40CF0E0072DA5D /* ViewController.swift */ = {isa = PBXFileReference; lastKnownFileType = sourcecode.swift; path = ViewController.swift; sourceTree = "<group>"; };
		57937B091C40CF0E0072DA5D /* Base */ = {isa = PBXFileReference; lastKnownFileType = file.storyboard; name = Base; path = Base.lproj/Main.storyboard; sourceTree = "<group>"; };
		57937B0B1C40CF0E0072DA5D /* Assets.xcassets */ = {isa = PBXFileReference; lastKnownFileType = folder.assetcatalog; path = Assets.xcassets; sourceTree = "<group>"; };
		57937B0E1C40CF0E0072DA5D /* Base */ = {isa = PBXFileReference; lastKnownFileType = file.storyboard; name = Base; path = Base.lproj/LaunchScreen.storyboard; sourceTree = "<group>"; };
		57937B101C40CF0E0072DA5D /* Info.plist */ = {isa = PBXFileReference; lastKnownFileType = text.plist.xml; path = Info.plist; sourceTree = "<group>"; };
		57937B151C40CF0E0072DA5D /* OSC_FelixTests.xctest */ = {isa = PBXFileReference; explicitFileType = wrapper.cfbundle; includeInIndex = 0; path = OSC_FelixTests.xctest; sourceTree = BUILT_PRODUCTS_DIR; };
		57937B191C40CF0E0072DA5D /* OSC_FelixTests.swift */ = {isa = PBXFileReference; lastKnownFileType = sourcecode.swift; path = OSC_FelixTests.swift; sourceTree = "<group>"; };
		57937B1B1C40CF0E0072DA5D /* Info.plist */ = {isa = PBXFileReference; lastKnownFileType = text.plist.xml; path = Info.plist; sourceTree = "<group>"; };
		57937B201C40CF0E0072DA5D /* OSC_FelixUITests.xctest */ = {isa = PBXFileReference; explicitFileType = wrapper.cfbundle; includeInIndex = 0; path = OSC_FelixUITests.xctest; sourceTree = BUILT_PRODUCTS_DIR; };
		57937B241C40CF0E0072DA5D /* OSC_FelixUITests.swift */ = {isa = PBXFileReference; lastKnownFileType = sourcecode.swift; path = OSC_FelixUITests.swift; sourceTree = "<group>"; };
		57937B261C40CF0E0072DA5D /* Info.plist */ = {isa = PBXFileReference; lastKnownFileType = text.plist.xml; path = Info.plist; sourceTree = "<group>"; };
/* End PBXFileReference section */

/* Begin PBXFrameworksBuildPhase section */
		57937AFE1C40CF0E0072DA5D /* Frameworks */ = {
			isa = PBXFrameworksBuildPhase;
			buildActionMask = 2147483647;
			files = (
			);
			runOnlyForDeploymentPostprocessing = 0;
		};
		57937B121C40CF0E0072DA5D /* Frameworks */ = {
			isa = PBXFrameworksBuildPhase;
			buildActionMask = 2147483647;
			files = (
			);
			runOnlyForDeploymentPostprocessing = 0;
		};
		57937B1D1C40CF0E0072DA5D /* Frameworks */ = {
			isa = PBXFrameworksBuildPhase;
			buildActionMask = 2147483647;
			files = (
			);
			runOnlyForDeploymentPostprocessing = 0;
		};
/* End PBXFrameworksBuildPhase section */

/* Begin PBXGroup section */
		57937AF81C40CF0E0072DA5D = {
			isa = PBXGroup;
			children = (
				57937B031C40CF0E0072DA5D /* OSC_Felix */,
				57937B181C40CF0E0072DA5D /* OSC_FelixTests */,
				57937B231C40CF0E0072DA5D /* OSC_FelixUITests */,
				57937B021C40CF0E0072DA5D /* Products */,
			);
			sourceTree = "<group>";
		};
		57937B021C40CF0E0072DA5D /* Products */ = {
			isa = PBXGroup;
			children = (
				57937B011C40CF0E0072DA5D /* OSC_Felix.app */,
				57937B151C40CF0E0072DA5D /* OSC_FelixTests.xctest */,
				57937B201C40CF0E0072DA5D /* OSC_FelixUITests.xctest */,
			);
			name = Products;
			sourceTree = "<group>";
		};
		57937B031C40CF0E0072DA5D /* OSC_Felix */ = {
			isa = PBXGroup;
			children = (
				57937B041C40CF0E0072DA5D /* AppDelegate.swift */,
				57937B061C40CF0E0072DA5D /* ViewController.swift */,
				57937B081C40CF0E0072DA5D /* Main.storyboard */,
				57937B0B1C40CF0E0072DA5D /* Assets.xcassets */,
				57937B0D1C40CF0E0072DA5D /* LaunchScreen.storyboard */,
				57937B101C40CF0E0072DA5D /* Info.plist */,
			);
			path = OSC_Felix;
			sourceTree = "<group>";
		};
		57937B181C40CF0E0072DA5D /* OSC_FelixTests */ = {
			isa = PBXGroup;
			children = (
				57937B191C40CF0E0072DA5D /* OSC_FelixTests.swift */,
				57937B1B1C40CF0E0072DA5D /* Info.plist */,
			);
			path = OSC_FelixTests;
			sourceTree = "<group>";
		};
		57937B231C40CF0E0072DA5D /* OSC_FelixUITests */ = {
			isa = PBXGroup;
			children = (
				57937B241C40CF0E0072DA5D /* OSC_FelixUITests.swift */,
				57937B261C40CF0E0072DA5D /* Info.plist */,
			);
			path = OSC_FelixUITests;
			sourceTree = "<group>";
		};
/* End PBXGroup section */

/* Begin PBXNativeTarget section */
		57937B001C40CF0E0072DA5D /* OSC_Felix */ = {
			isa = PBXNativeTarget;
			buildConfigurationList = 57937B291C40CF0E0072DA5D /* Build configuration list for PBXNativeTarget "OSC_Felix" */;
			buildPhases = (
				57937AFD1C40CF0E0072DA5D /* Sources */,
				57937AFE1C40CF0E0072DA5D /* Frameworks */,
				57937AFF1C40CF0E0072DA5D /* Resources */,
			);
			buildRules = (
			);
			dependencies = (
			);
			name = OSC_Felix;
			productName = OSC_Felix;
			productReference = 57937B011C40CF0E0072DA5D /* OSC_Felix.app */;
			productType = "com.apple.product-type.application";
		};
		57937B141C40CF0E0072DA5D /* OSC_FelixTests */ = {
			isa = PBXNativeTarget;
			buildConfigurationList = 57937B2C1C40CF0E0072DA5D /* Build configuration list for PBXNativeTarget "OSC_FelixTests" */;
			buildPhases = (
				57937B111C40CF0E0072DA5D /* Sources */,
				57937B121C40CF0E0072DA5D /* Frameworks */,
				57937B131C40CF0E0072DA5D /* Resources */,
			);
			buildRules = (
			);
			dependencies = (
				57937B171C40CF0E0072DA5D /* PBXTargetDependency */,
			);
			name = OSC_FelixTests;
			productName = OSC_FelixTests;
			productReference = 57937B151C40CF0E0072DA5D /* OSC_FelixTests.xctest */;
			productType = "com.apple.product-type.bundle.unit-test";
		};
		57937B1F1C40CF0E0072DA5D /* OSC_FelixUITests */ = {
			isa = PBXNativeTarget;
			buildConfigurationList = 57937B2F1C40CF0E0072DA5D /* Build configuration list for PBXNativeTarget "OSC_FelixUITests" */;
			buildPhases = (
				57937B1C1C40CF0E0072DA5D /* Sources */,
				57937B1D1C40CF0E0072DA5D /* Frameworks */,
				57937B1E1C40CF0E0072DA5D /* Resources */,
			);
			buildRules = (
			);
			dependencies = (
				57937B221C40CF0E0072DA5D /* PBXTargetDependency */,
			);
			name = OSC_FelixUITests;
			productName = OSC_FelixUITests;
			productReference = 57937B201C40CF0E0072DA5D /* OSC_FelixUITests.xctest */;
			productType = "com.apple.product-type.bundle.ui-testing";
		};
/* End PBXNativeTarget section */

/* Begin PBXProject section */
		57937AF91C40CF0E0072DA5D /* Project object */ = {
			isa = PBXProject;
			attributes = {
				LastUpgradeCheck = 0700;
				ORGANIZATIONNAME = Maizi;
				TargetAttributes = {
					57937B001C40CF0E0072DA5D = {
						CreatedOnToolsVersion = 7.0;
					};
					57937B141C40CF0E0072DA5D = {
						CreatedOnToolsVersion = 7.0;
						TestTargetID = 57937B001C40CF0E0072DA5D;
					};
					57937B1F1C40CF0E0072DA5D = {
						CreatedOnToolsVersion = 7.0;
						TestTargetID = 57937B001C40CF0E0072DA5D;
					};
				};
			};
			buildConfigurationList = 57937AFC1C40CF0E0072DA5D /* Build configuration list for PBXProject "OSC_Felix" */;
			compatibilityVersion = "Xcode 3.2";
			developmentRegion = English;
			hasScannedForEncodings = 0;
			knownRegions = (
				en,
				Base,
			);
			mainGroup = 57937AF81C40CF0E0072DA5D;
			productRefGroup = 57937B021C40CF0E0072DA5D /* Products */;
			projectDirPath = "";
			projectRoot = "";
			targets = (
				57937B001C40CF0E0072DA5D /* OSC_Felix */,
				57937B141C40CF0E0072DA5D /* OSC_FelixTests */,
				57937B1F1C40CF0E0072DA5D /* OSC_FelixUITests */,
			);
		};
/* End PBXProject section */

/* Begin PBXResourcesBuildPhase section */
		57937AFF1C40CF0E0072DA5D /* Resources */ = {
			isa = PBXResourcesBuildPhase;
			buildActionMask = 2147483647;
			files = (
				57937B0F1C40CF0E0072DA5D /* LaunchScreen.storyboard in Resources */,
				57937B0C1C40CF0E0072DA5D /* Assets.xcassets in Resources */,
				57937B0A1C40CF0E0072DA5D /* Main.storyboard in Resources */,
			);
			runOnlyForDeploymentPostprocessing = 0;
		};
		57937B131C40CF0E0072DA5D /* Resources */ = {
			isa = PBXResourcesBuildPhase;
			buildActionMask = 2147483647;
			files = (
			);
			runOnlyForDeploymentPostprocessing = 0;
		};
		57937B1E1C40CF0E0072DA5D /* Resources */ = {
			isa = PBXResourcesBuildPhase;
			buildActionMask = 2147483647;
			files = (
			);
			runOnlyForDeploymentPostprocessing = 0;
		};
/* End PBXResourcesBuildPhase section */

/* Begin PBXSourcesBuildPhase section */
		57937AFD1C40CF0E0072DA5D /* Sources */ = {
			isa = PBXSourcesBuildPhase;
			buildActionMask = 2147483647;
			files = (
				57937B071C40CF0E0072DA5D /* ViewController.swift in Sources */,
				57937B051C40CF0E0072DA5D /* AppDelegate.swift in Sources */,
			);
			runOnlyForDeploymentPostprocessing = 0;
		};
		57937B111C40CF0E0072DA5D /* Sources */ = {
			isa = PBXSourcesBuildPhase;
			buildActionMask = 2147483647;
			files = (
				57937B1A1C40CF0E0072DA5D /* OSC_FelixTests.swift in Sources */,
			);
			runOnlyForDeploymentPostprocessing = 0;
		};
		57937B1C1C40CF0E0072DA5D /* Sources */ = {
			isa = PBXSourcesBuildPhase;
			buildActionMask = 2147483647;
			files = (
				57937B251C40CF0E0072DA5D /* OSC_FelixUITests.swift in Sources */,
			);
			runOnlyForDeploymentPostprocessing = 0;
		};
/* End PBXSourcesBuildPhase section */

/* Begin PBXTargetDependency section */
		57937B171C40CF0E0072DA5D /* PBXTargetDependency */ = {
			isa = PBXTargetDependency;
			target = 57937B001C40CF0E0072DA5D /* OSC_Felix */;
			targetProxy = 57937B161C40CF0E0072DA5D /* PBXContainerItemProxy */;
		};
		57937B221C40CF0E0072DA5D /* PBXTargetDependency */ = {
			isa = PBXTargetDependency;
			target = 57937B001C40CF0E0072DA5D /* OSC_Felix */;
			targetProxy = 57937B211C40CF0E0072DA5D /* PBXContainerItemProxy */;
		};
/* End PBXTargetDependency section */

/* Begin PBXVariantGroup section */
		57937B081C40CF0E0072DA5D /* Main.storyboard */ = {
			isa = PBXVariantGroup;
			children = (
				57937B091C40CF0E0072DA5D /* Base */,
			);
			name = Main.storyboard;
			sourceTree = "<group>";
		};
		57937B0D1C40CF0E0072DA5D /* LaunchScreen.storyboard */ = {
			isa = PBXVariantGroup;
			children = (
				57937B0E1C40CF0E0072DA5D /* Base */,
			);
			name = LaunchScreen.storyboard;
			sourceTree = "<group>";
		};
/* End PBXVariantGroup section */

/* Begin XCBuildConfiguration section */
		57937B271C40CF0E0072DA5D /* Debug */ = {
			isa = XCBuildConfiguration;
			buildSettings = {
				ALWAYS_SEARCH_USER_PATHS = NO;
				CLANG_CXX_LANGUAGE_STANDARD = "gnu++0x";
				CLANG_CXX_LIBRARY = "libc++";
				CLANG_ENABLE_MODULES = YES;
				CLANG_ENABLE_OBJC_ARC = YES;
				CLANG_WARN_BOOL_CONVERSION = YES;
				CLANG_WARN_CONSTANT_CONVERSION = YES;
				CLANG_WARN_DIRECT_OBJC_ISA_USAGE = YES_ERROR;
				CLANG_WARN_EMPTY_BODY = YES;
				CLANG_WARN_ENUM_CONVERSION = YES;
				CLANG_WARN_INT_CONVERSION = YES;
				CLANG_WARN_OBJC_ROOT_CLASS = YES_ERROR;
				CLANG_WARN_UNREACHABLE_CODE = YES;
				CLANG_WARN__DUPLICATE_METHOD_MATCH = YES;
				"CODE_SIGN_IDENTITY[sdk=iphoneos*]" = "iPhone Developer";
				COPY_PHASE_STRIP = NO;
				DEBUG_INFORMATION_FORMAT = dwarf;
				ENABLE_STRICT_OBJC_MSGSEND = YES;
				ENABLE_TESTABILITY = YES;
				GCC_C_LANGUAGE_STANDARD = gnu99;
				GCC_DYNAMIC_NO_PIC = NO;
				GCC_NO_COMMON_BLOCKS = YES;
				GCC_OPTIMIZATION_LEVEL = 0;
				GCC_PREPROCESSOR_DEFINITIONS = (
					"DEBUG=1",
					"$(inherited)",
				);
				GCC_WARN_64_TO_32_BIT_CONVERSION = YES;
				GCC_WARN_ABOUT_RETURN_TYPE = YES_ERROR;
				GCC_WARN_UNDECLARED_SELECTOR = YES;
				GCC_WARN_UNINITIALIZED_AUTOS = YES_AGGRESSIVE;
				GCC_WARN_UNUSED_FUNCTION = YES;
				GCC_WARN_UNUSED_VARIABLE = YES;
				IPHONEOS_DEPLOYMENT_TARGET = 9.0;
				MTL_ENABLE_DEBUG_INFO = YES;
				ONLY_ACTIVE_ARCH = YES;
				SDKROOT = iphoneos;
				SWIFT_OPTIMIZATION_LEVEL = "-Onone";
			};
			name = Debug;
		};
		57937B281C40CF0E0072DA5D /* Release */ = {
			isa = XCBuildConfiguration;
			buildSettings = {
				ALWAYS_SEARCH_USER_PATHS = NO;
				CLANG_CXX_LANGUAGE_STANDARD = "gnu++0x";
				CLANG_CXX_LIBRARY = "libc++";
				CLANG_ENABLE_MODULES = YES;
				CLANG_ENABLE_OBJC_ARC = YES;
				CLANG_WARN_BOOL_CONVERSION = YES;
				CLANG_WARN_CONSTANT_CONVERSION = YES;
				CLANG_WARN_DIRECT_OBJC_ISA_USAGE = YES_ERROR;
				CLANG_WARN_EMPTY_BODY = YES;
				CLANG_WARN_ENUM_CONVERSION = YES;
				CLANG_WARN_INT_CONVERSION = YES;
				CLANG_WARN_OBJC_ROOT_CLASS = YES_ERROR;
				CLANG_WARN_UNREACHABLE_CODE = YES;
				CLANG_WARN__DUPLICATE_METHOD_MATCH = YES;
				"CODE_SIGN_IDENTITY[sdk=iphoneos*]" = "iPhone Developer";
				COPY_PHASE_STRIP = NO;
				DEBUG_INFORMATION_FORMAT = "dwarf-with-dsym";
				ENABLE_NS_ASSERTIONS = NO;
				ENABLE_STRICT_OBJC_MSGSEND = YES;
				GCC_C_LANGUAGE_STANDARD = gnu99;
				GCC_NO_COMMON_BLOCKS = YES;
				GCC_WARN_64_TO_32_BIT_CONVERSION = YES;
				GCC_WARN_ABOUT_RETURN_TYPE = YES_ERROR;
				GCC_WARN_UNDECLARED_SELECTOR = YES;
				GCC_WARN_UNINITIALIZED_AUTOS = YES_AGGRESSIVE;
				GCC_WARN_UNUSED_FUNCTION = YES;
				GCC_WARN_UNUSED_VARIABLE = YES;
				IPHONEOS_DEPLOYMENT_TARGET = 9.0;
				MTL_ENABLE_DEBUG_INFO = NO;
				SDKROOT = iphoneos;
				VALIDATE_PRODUCT = YES;
			};
			name = Release;
		};
		57937B2A1C40CF0E0072DA5D /* Debug */ = {
			isa = XCBuildConfiguration;
			buildSettings = {
				ASSETCATALOG_COMPILER_APPICON_NAME = AppIcon;
				INFOPLIST_FILE = OSC_Felix/Info.plist;
				LD_RUNPATH_SEARCH_PATHS = "$(inherited) @executable_path/Frameworks";
				PRODUCT_BUNDLE_IDENTIFIER = "felix.OSC-Felix";
				PRODUCT_NAME = "$(TARGET_NAME)";
			};
			name = Debug;
		};
		57937B2B1C40CF0E0072DA5D /* Release */ = {
			isa = XCBuildConfiguration;
			buildSettings = {
				ASSETCATALOG_COMPILER_APPICON_NAME = AppIcon;
				INFOPLIST_FILE = OSC_Felix/Info.plist;
				LD_RUNPATH_SEARCH_PATHS = "$(inherited) @executable_path/Frameworks";
				PRODUCT_BUNDLE_IDENTIFIER = "felix.OSC-Felix";
				PRODUCT_NAME = "$(TARGET_NAME)";
			};
			name = Release;
		};
		57937B2D1C40CF0E0072DA5D /* Debug */ = {
			isa = XCBuildConfiguration;
			buildSettings = {
				BUNDLE_LOADER = "$(TEST_HOST)";
				INFOPLIST_FILE = OSC_FelixTests/Info.plist;
				LD_RUNPATH_SEARCH_PATHS = "$(inherited) @executable_path/Frameworks @loader_path/Frameworks";
				PRODUCT_BUNDLE_IDENTIFIER = "felix.OSC-FelixTests";
				PRODUCT_NAME = "$(TARGET_NAME)";
				TEST_HOST = "$(BUILT_PRODUCTS_DIR)/OSC_Felix.app/OSC_Felix";
			};
			name = Debug;
		};
		57937B2E1C40CF0E0072DA5D /* Release */ = {
			isa = XCBuildConfiguration;
			buildSettings = {
				BUNDLE_LOADER = "$(TEST_HOST)";
				INFOPLIST_FILE = OSC_FelixTests/Info.plist;
				LD_RUNPATH_SEARCH_PATHS = "$(inherited) @executable_path/Frameworks @loader_path/Frameworks";
				PRODUCT_BUNDLE_IDENTIFIER = "felix.OSC-FelixTests";
				PRODUCT_NAME = "$(TARGET_NAME)";
				TEST_HOST = "$(BUILT_PRODUCTS_DIR)/OSC_Felix.app/OSC_Felix";
			};
			name = Release;
		};
		57937B301C40CF0E0072DA5D /* Debug */ = {
			isa = XCBuildConfiguration;
			buildSettings = {
				INFOPLIST_FILE = OSC_FelixUITests/Info.plist;
				LD_RUNPATH_SEARCH_PATHS = "$(inherited) @executable_path/Frameworks @loader_path/Frameworks";
				PRODUCT_BUNDLE_IDENTIFIER = "felix.OSC-FelixUITests";
				PRODUCT_NAME = "$(TARGET_NAME)";
				TEST_TARGET_NAME = OSC_Felix;
				USES_XCTRUNNER = YES;
			};
			name = Debug;
		};
		57937B311C40CF0E0072DA5D /* Release */ = {
			isa = XCBuildConfiguration;
			buildSettings = {
				INFOPLIST_FILE = OSC_FelixUITests/Info.plist;
				LD_RUNPATH_SEARCH_PATHS = "$(inherited) @executable_path/Frameworks @loader_path/Frameworks";
				PRODUCT_BUNDLE_IDENTIFIER = "felix.OSC-FelixUITests";
				PRODUCT_NAME = "$(TARGET_NAME)";
				TEST_TARGET_NAME = OSC_Felix;
				USES_XCTRUNNER = YES;
			};
			name = Release;
		};
/* End XCBuildConfiguration section */

/* Begin XCConfigurationList section */
		57937AFC1C40CF0E0072DA5D /* Build configuration list for PBXProject "OSC_Felix" */ = {
			isa = XCConfigurationList;
			buildConfigurations = (
				57937B271C40CF0E0072DA5D /* Debug */,
				57937B281C40CF0E0072DA5D /* Release */,
			);
			defaultConfigurationIsVisible = 0;
			defaultConfigurationName = Release;
		};
		57937B291C40CF0E0072DA5D /* Build configuration list for PBXNativeTarget "OSC_Felix" */ = {
			isa = XCConfigurationList;
			buildConfigurations = (
				57937B2A1C40CF0E0072DA5D /* Debug */,
				57937B2B1C40CF0E0072DA5D /* Release */,
			);
			defaultConfigurationIsVisible = 0;
		};
		57937B2C1C40CF0E0072DA5D /* Build configuration list for PBXNativeTarget "OSC_FelixTests" */ = {
			isa = XCConfigurationList;
			buildConfigurations = (
				57937B2D1C40CF0E0072DA5D /* Debug */,
				57937B2E1C40CF0E0072DA5D /* Release */,
			);
			defaultConfigurationIsVisible = 0;
		};
		57937B2F1C40CF0E0072DA5D /* Build configuration list for PBXNativeTarget "OSC_FelixUITests" */ = {
			isa = XCConfigurationList;
			buildConfigurations = (
				57937B301C40CF0E0072DA5D /* Debug */,
				57937B311C40CF0E0072DA5D /* Release */,
			);
			defaultConfigurationIsVisible = 0;
		};
/* End XCConfigurationList section */
	};
	rootObject = 57937AF91C40CF0E0072DA5D /* Project object */;
}
